
Microsoft Visual Studio Solution File, Format Version 12.00
# Visual Studio Version 17
VisualStudioVersion = 17.7.34031.279
MinimumVisualStudioVersion = 10.0.40219.1
Project("{9A19103F-16F7-4668-BE54-9A1E7A4F7556}") = "Entities", "Entities\Entities.csproj", "{C981987D-5694-4DE8-82F6-DFBE6B8BB684}"
EndProject
Project("{9A19103F-16F7-4668-BE54-9A1E7A4F7556}") = "Data", "Data\Data.csproj", "{BDE47BB8-6C08-441A-9C94-1518DA4031EC}"
EndProject
Project("{9A19103F-16F7-4668-BE54-9A1E7A4F7556}") = "Contracts", "Contracts\Contracts.csproj", "{68221869-FA3C-456F-95A5-A6A76C51C3BF}"
EndProject
Project("{9A19103F-16F7-4668-BE54-9A1E7A4F7556}") = "Business", "Business\Business.csproj", "{318F6DD0-7680-4FEB-9149-A0B12CFE86DB}"
EndProject
Project("{9A19103F-16F7-4668-BE54-9A1E7A4F7556}") = "API", "API\API.csproj", "{A9AB86C4-2A31-4720-AE6D-0106616B98AA}"
EndProject
Project("{FAE04EC0-301F-11D3-BF4B-00C04F79EFBC}") = "DBSeeders", "DBSeeders\DBSeeders.csproj", "{02EFF374-B589-4ADC-A080-7C8C4476D5CA}"
EndProject
Global
	GlobalSection(SolutionConfigurationPlatforms) = preSolution
		Debug|Any CPU = Debug|Any CPU
		Release|Any CPU = Release|Any CPU
	EndGlobalSection
	GlobalSection(ProjectConfigurationPlatforms) = postSolution
		{C981987D-5694-4DE8-82F6-DFBE6B8BB684}.Debug|Any CPU.ActiveCfg = Debug|Any CPU
		{C981987D-5694-4DE8-82F6-DFBE6B8BB684}.Debug|Any CPU.Build.0 = Debug|Any CPU
		{C981987D-5694-4DE8-82F6-DFBE6B8BB684}.Release|Any CPU.ActiveCfg = Release|Any CPU
		{C981987D-5694-4DE8-82F6-DFBE6B8BB684}.Release|Any CPU.Build.0 = Release|Any CPU
		{BDE47BB8-6C08-441A-9C94-1518DA4031EC}.Debug|Any CPU.ActiveCfg = Debug|Any CPU
		{BDE47BB8-6C08-441A-9C94-1518DA4031EC}.Debug|Any CPU.Build.0 = Debug|Any CPU
		{BDE47BB8-6C08-441A-9C94-1518DA4031EC}.Release|Any CPU.ActiveCfg = Release|Any CPU
		{BDE47BB8-6C08-441A-9C94-1518DA4031EC}.Release|Any CPU.Build.0 = Release|Any CPU
		{68221869-FA3C-456F-95A5-A6A76C51C3BF}.Debug|Any CPU.ActiveCfg = Debug|Any CPU
		{68221869-FA3C-456F-95A5-A6A76C51C3BF}.Debug|Any CPU.Build.0 = Debug|Any CPU
		{68221869-FA3C-456F-95A5-A6A76C51C3BF}.Release|Any CPU.ActiveCfg = Release|Any CPU
		{68221869-FA3C-456F-95A5-A6A76C51C3BF}.Release|Any CPU.Build.0 = Release|Any CPU
		{318F6DD0-7680-4FEB-9149-A0B12CFE86DB}.Debug|Any CPU.ActiveCfg = Debug|Any CPU
		{318F6DD0-7680-4FEB-9149-A0B12CFE86DB}.Debug|Any CPU.Build.0 = Debug|Any CPU
		{318F6DD0-7680-4FEB-9149-A0B12CFE86DB}.Release|Any CPU.ActiveCfg = Release|Any CPU
		{318F6DD0-7680-4FEB-9149-A0B12CFE86DB}.Release|Any CPU.Build.0 = Release|Any CPU
		{A9AB86C4-2A31-4720-AE6D-0106616B98AA}.Debug|Any CPU.ActiveCfg = Debug|Any CPU
		{A9AB86C4-2A31-4720-AE6D-0106616B98AA}.Debug|Any CPU.Build.0 = Debug|Any CPU
		{A9AB86C4-2A31-4720-AE6D-0106616B98AA}.Release|Any CPU.ActiveCfg = Release|Any CPU
		{A9AB86C4-2A31-4720-AE6D-0106616B98AA}.Release|Any CPU.Build.0 = Release|Any CPU
		{02EFF374-B589-4ADC-A080-7C8C4476D5CA}.Debug|Any CPU.ActiveCfg = Debug|Any CPU
		{02EFF374-B589-4ADC-A080-7C8C4476D5CA}.Debug|Any CPU.Build.0 = Debug|Any CPU
		{02EFF374-B589-4ADC-A080-7C8C4476D5CA}.Release|Any CPU.ActiveCfg = Release|Any CPU
		{02EFF374-B589-4ADC-A080-7C8C4476D5CA}.Release|Any CPU.Build.0 = Release|Any CPU
	EndGlobalSection
	GlobalSection(SolutionProperties) = preSolution
		HideSolutionNode = FALSE
	EndGlobalSection
	GlobalSection(ExtensibilityGlobals) = postSolution
		SolutionGuid = {458DE995-8747-4345-A48D-DE496F478181}
	EndGlobalSection
EndGlobal
